PODS:
  - JWTDecode (2.3.0)
  - RxSwift (5.0.0)
  - SwiftyJSON (5.0.0)

DEPENDENCIES:
  - JWTDecode (~> 2.2)
  - RxSwift
  - SwiftyJSON

SPEC REPOS:
  https://github.com/cocoapods/specs.git:
    - JWTDecode
    - RxSwift
    - SwiftyJSON

SPEC CHECKSUMS:
  JWTDecode: fb77675c8049c1a7e9433c7cf448c3ce33ee4ac7
  RxSwift: 8b0671caa829a763bbce7271095859121cbd895f
  SwiftyJSON: 36413e04c44ee145039d332b4f4e2d3e8d6c4db7

PODFILE CHECKSUM: 02e3fb0379af08de1a3a2edded71b550431c418c

COCOAPODS: 1.7.2
