// !$*UTF8*$!
{
	archiveVersion = 1;
	classes = {
	};
	objectVersion = 50;
	objects = {

/* Begin PBXBuildFile section */
		EF156F182363E71600ABAC9E /* RegisterViewController.swift in Sources */ = {isa = PBXBuildFile; fileRef = EF156F172363E71600ABAC9E /* RegisterViewController.swift */; };
		EF156F1A2363E85D00ABAC9E /* LoginViewController.swift in Sources */ = {isa = PBXBuildFile; fileRef = EF156F192363E85D00ABAC9E /* LoginViewController.swift */; };
		EF43A62F23640BC400992283 /* playgroundRequest.swift in Sources */ = {isa = PBXBuildFile; fileRef = EF43A62E23640BC400992283 /* playgroundRequest.swift */; };
		EF43A63123640BCF00992283 /* playgroundResponse.swift in Sources */ = {isa = PBXBuildFile; fileRef = EF43A63023640BCF00992283 /* playgroundResponse.swift */; };
		EF43A63523640E8700992283 /* apiClient.swift in Sources */ = {isa = PBXBuildFile; fileRef = EF43A63423640E8700992283 /* apiClient.swift */; };
		EF43A63723640E9300992283 /* apiRequest.swift in Sources */ = {isa = PBXBuildFile; fileRef = EF43A63623640E9300992283 /* apiRequest.swift */; };
		EF52D7B42363DA4200892586 /* AppDelegate.swift in Sources */ = {isa = PBXBuildFile; fileRef = EF52D7B32363DA4200892586 /* AppDelegate.swift */; };
		EF52D7B62363DA4200892586 /* ViewController.swift in Sources */ = {isa = PBXBuildFile; fileRef = EF52D7B52363DA4200892586 /* ViewController.swift */; };
		EF52D7B82363DA4500892586 /* Assets.xcassets in Resources */ = {isa = PBXBuildFile; fileRef = EF52D7B72363DA4500892586 /* Assets.xcassets */; };
		EF52D7BB2363DA4500892586 /* Main.storyboard in Resources */ = {isa = PBXBuildFile; fileRef = EF52D7B92363DA4500892586 /* Main.storyboard */; };
		EFC6921123641B0700EBDA44 /* Auth.storyboard in Resources */ = {isa = PBXBuildFile; fileRef = EFC6921023641B0700EBDA44 /* Auth.storyboard */; };
/* End PBXBuildFile section */

/* Begin PBXFileReference section */
		EF156F172363E71600ABAC9E /* RegisterViewController.swift */ = {isa = PBXFileReference; lastKnownFileType = sourcecode.swift; path = RegisterViewController.swift; sourceTree = "<group>"; };
		EF156F192363E85D00ABAC9E /* LoginViewController.swift */ = {isa = PBXFileReference; lastKnownFileType = sourcecode.swift; path = LoginViewController.swift; sourceTree = "<group>"; };
		EF43A62E23640BC400992283 /* playgroundRequest.swift */ = {isa = PBXFileReference; lastKnownFileType = sourcecode.swift; path = playgroundRequest.swift; sourceTree = "<group>"; };
		EF43A63023640BCF00992283 /* playgroundResponse.swift */ = {isa = PBXFileReference; lastKnownFileType = sourcecode.swift; path = playgroundResponse.swift; sourceTree = "<group>"; };
		EF43A63423640E8700992283 /* apiClient.swift */ = {isa = PBXFileReference; lastKnownFileType = sourcecode.swift; path = apiClient.swift; sourceTree = "<group>"; };
		EF43A63623640E9300992283 /* apiRequest.swift */ = {isa = PBXFileReference; lastKnownFileType = sourcecode.swift; path = apiRequest.swift; sourceTree = "<group>"; };
		EF52D7B02363DA4200892586 /* QOLAB.app */ = {isa = PBXFileReference; explicitFileType = wrapper.application; includeInIndex = 0; path = QOLAB.app; sourceTree = BUILT_PRODUCTS_DIR; };
		EF52D7B32363DA4200892586 /* AppDelegate.swift */ = {isa = PBXFileReference; lastKnownFileType = sourcecode.swift; path = AppDelegate.swift; sourceTree = "<group>"; };
		EF52D7B52363DA4200892586 /* ViewController.swift */ = {isa = PBXFileReference; lastKnownFileType = sourcecode.swift; path = ViewController.swift; sourceTree = "<group>"; };
		EF52D7B72363DA4500892586 /* Assets.xcassets */ = {isa = PBXFileReference; lastKnownFileType = folder.assetcatalog; path = Assets.xcassets; sourceTree = "<group>"; };
		EF52D7BA2363DA4500892586 /* Base */ = {isa = PBXFileReference; lastKnownFileType = file.storyboard; name = Base; path = Base.lproj/Main.storyboard; sourceTree = "<group>"; };
		EF52D7BC2363DA4500892586 /* Info.plist */ = {isa = PBXFileReference; lastKnownFileType = text.plist.xml; path = Info.plist; sourceTree = "<group>"; };
		EF52D7BD2363DA4500892586 /* QOLAB.entitlements */ = {isa = PBXFileReference; lastKnownFileType = text.plist.entitlements; path = QOLAB.entitlements; sourceTree = "<group>"; };
		EFC6921023641B0700EBDA44 /* Auth.storyboard */ = {isa = PBXFileReference; lastKnownFileType = file.storyboard; path = Auth.storyboard; sourceTree = "<group>"; };
/* End PBXFileReference section */

/* Begin PBXFrameworksBuildPhase section */
		EF52D7AD2363DA4200892586 /* Frameworks */ = {
			isa = PBXFrameworksBuildPhase;
			buildActionMask = 2147483647;
			files = (
			);
			runOnlyForDeploymentPostprocessing = 0;
		};
/* End PBXFrameworksBuildPhase section */

/* Begin PBXGroup section */
		EF43A62A23640B9500992283 /* Data */ = {
			isa = PBXGroup;
			children = (
				EF43A63223640E6A00992283 /* Api */,
				EF43A62B23640B9D00992283 /* Entity */,
			);
			path = Data;
			sourceTree = "<group>";
		};
		EF43A62B23640B9D00992283 /* Entity */ = {
			isa = PBXGroup;
			children = (
				EF43A62D23640BB100992283 /* RequestDto */,
				EF43A62C23640BA300992283 /* ReponseDto */,
			);
			path = Entity;
			sourceTree = "<group>";
		};
		EF43A62C23640BA300992283 /* ReponseDto */ = {
			isa = PBXGroup;
			children = (
				EF43A63023640BCF00992283 /* playgroundResponse.swift */,
			);
			path = ReponseDto;
			sourceTree = "<group>";
		};
		EF43A62D23640BB100992283 /* RequestDto */ = {
			isa = PBXGroup;
			children = (
				EF43A62E23640BC400992283 /* playgroundRequest.swift */,
			);
			path = RequestDto;
			sourceTree = "<group>";
		};
		EF43A63223640E6A00992283 /* Api */ = {
			isa = PBXGroup;
			children = (
				EF43A63423640E8700992283 /* apiClient.swift */,
				EF43A63623640E9300992283 /* apiRequest.swift */,
			);
			path = Api;
			sourceTree = "<group>";
		};
		EF52D7A72363DA4200892586 = {
			isa = PBXGroup;
			children = (
				EF52D7B22363DA4200892586 /* QOLAB */,
				EF52D7B12363DA4200892586 /* Products */,
			);
			sourceTree = "<group>";
		};
		EF52D7B12363DA4200892586 /* Products */ = {
			isa = PBXGroup;
			children = (
				EF52D7B02363DA4200892586 /* QOLAB.app */,
			);
			name = Products;
			sourceTree = "<group>";
		};
		EF52D7B22363DA4200892586 /* QOLAB */ = {
			isa = PBXGroup;
			children = (
				EF43A62A23640B9500992283 /* Data */,
				EF52D7B32363DA4200892586 /* AppDelegate.swift */,
				EF52D7B52363DA4200892586 /* ViewController.swift */,
				EF52D7B72363DA4500892586 /* Assets.xcassets */,
				EF52D7B92363DA4500892586 /* Main.storyboard */,
				EF52D7BC2363DA4500892586 /* Info.plist */,
				EF52D7BD2363DA4500892586 /* QOLAB.entitlements */,
				EF156F172363E71600ABAC9E /* RegisterViewController.swift */,
				EF156F192363E85D00ABAC9E /* LoginViewController.swift */,
				EFC6921023641B0700EBDA44 /* Auth.storyboard */,
			);
			path = QOLAB;
			sourceTree = "<group>";
		};
/* End PBXGroup section */

/* Begin PBXNativeTarget section */
		EF52D7AF2363DA4200892586 /* QOLAB */ = {
			isa = PBXNativeTarget;
			buildConfigurationList = EF52D7C02363DA4500892586 /* Build configuration list for PBXNativeTarget "QOLAB" */;
			buildPhases = (
				EF52D7AC2363DA4200892586 /* Sources */,
				EF52D7AD2363DA4200892586 /* Frameworks */,
				EF52D7AE2363DA4200892586 /* Resources */,
			);
			buildRules = (
			);
			dependencies = (
			);
			name = QOLAB;
			productName = QOLAB;
			productReference = EF52D7B02363DA4200892586 /* QOLAB.app */;
			productType = "com.apple.product-type.application";
		};
/* End PBXNativeTarget section */

/* Begin PBXProject section */
		EF52D7A82363DA4200892586 /* Project object */ = {
			isa = PBXProject;
			attributes = {
				LastSwiftUpdateCheck = 1100;
				LastUpgradeCheck = 1100;
				ORGANIZATIONNAME = "Takuto Mori";
				TargetAttributes = {
					EF52D7AF2363DA4200892586 = {
						CreatedOnToolsVersion = 11.0;
					};
				};
			};
			buildConfigurationList = EF52D7AB2363DA4200892586 /* Build configuration list for PBXProject "QOLAB" */;
			compatibilityVersion = "Xcode 9.3";
			developmentRegion = en;
			hasScannedForEncodings = 0;
			knownRegions = (
				en,
				Base,
			);
			mainGroup = EF52D7A72363DA4200892586;
			productRefGroup = EF52D7B12363DA4200892586 /* Products */;
			projectDirPath = "";
			projectRoot = "";
			targets = (
				EF52D7AF2363DA4200892586 /* QOLAB */,
			);
		};
/* End PBXProject section */

/* Begin PBXResourcesBuildPhase section */
		EF52D7AE2363DA4200892586 /* Resources */ = {
			isa = PBXResourcesBuildPhase;
			buildActionMask = 2147483647;
			files = (
				EFC6921123641B0700EBDA44 /* Auth.storyboard in Resources */,
				EF52D7B82363DA4500892586 /* Assets.xcassets in Resources */,
				EF52D7BB2363DA4500892586 /* Main.storyboard in Resources */,
			);
			runOnlyForDeploymentPostprocessing = 0;
		};
/* End PBXResourcesBuildPhase section */

/* Begin PBXSourcesBuildPhase section */
		EF52D7AC2363DA4200892586 /* Sources */ = {
			isa = PBXSourcesBuildPhase;
			buildActionMask = 2147483647;
			files = (
				EF156F1A2363E85D00ABAC9E /* LoginViewController.swift in Sources */,
				EF43A63523640E8700992283 /* apiClient.swift in Sources */,
				EF156F182363E71600ABAC9E /* RegisterViewController.swift in Sources */,
				EF43A62F23640BC400992283 /* playgroundRequest.swift in Sources */,
				EF52D7B62363DA4200892586 /* ViewController.swift in Sources */,
				EF52D7B42363DA4200892586 /* AppDelegate.swift in Sources */,
				EF43A63723640E9300992283 /* apiRequest.swift in Sources */,
				EF43A63123640BCF00992283 /* playgroundResponse.swift in Sources */,
			);
			runOnlyForDeploymentPostprocessing = 0;
		};
/* End PBXSourcesBuildPhase section */

/* Begin PBXVariantGroup section */
		EF52D7B92363DA4500892586 /* Main.storyboard */ = {
			isa = PBXVariantGroup;
			children = (
				EF52D7BA2363DA4500892586 /* Base */,
			);
			name = Main.storyboard;
			sourceTree = "<group>";
		};
/* End PBXVariantGroup section */

/* Begin XCBuildConfiguration section */
		EF52D7BE2363DA4500892586 /* Debug */ = {
			isa = XCBuildConfiguration;
			buildSettings = {
				ALWAYS_SEARCH_USER_PATHS = NO;
				CLANG_ANALYZER_NONNULL = YES;
				CLANG_ANALYZER_NUMBER_OBJECT_CONVERSION = YES_AGGRESSIVE;
				CLANG_CXX_LANGUAGE_STANDARD = "gnu++14";
				CLANG_CXX_LIBRARY = "libc++";
				CLANG_ENABLE_MODULES = YES;
				CLANG_ENABLE_OBJC_ARC = YES;
				CLANG_ENABLE_OBJC_WEAK = YES;
				CLANG_WARN_BLOCK_CAPTURE_AUTORELEASING = YES;
				CLANG_WARN_BOOL_CONVERSION = YES;
				CLANG_WARN_COMMA = YES;
				CLANG_WARN_CONSTANT_CONVERSION = YES;
				CLANG_WARN_DEPRECATED_OBJC_IMPLEMENTATIONS = YES;
				CLANG_WARN_DIRECT_OBJC_ISA_USAGE = YES_ERROR;
				CLANG_WARN_DOCUMENTATION_COMMENTS = YES;
				CLANG_WARN_EMPTY_BODY = YES;
				CLANG_WARN_ENUM_CONVERSION = YES;
				CLANG_WARN_INFINITE_RECURSION = YES;
				CLANG_WARN_INT_CONVERSION = YES;
				CLANG_WARN_NON_LITERAL_NULL_CONVERSION = YES;
				CLANG_WARN_OBJC_IMPLICIT_RETAIN_SELF = YES;
				CLANG_WARN_OBJC_LITERAL_CONVERSION = YES;
				CLANG_WARN_OBJC_ROOT_CLASS = YES_ERROR;
				CLANG_WARN_RANGE_LOOP_ANALYSIS = YES;
				CLANG_WARN_STRICT_PROTOTYPES = YES;
				CLANG_WARN_SUSPICIOUS_MOVE = YES;
				CLANG_WARN_UNGUARDED_AVAILABILITY = YES_AGGRESSIVE;
				CLANG_WARN_UNREACHABLE_CODE = YES;
				CLANG_WARN__DUPLICATE_METHOD_MATCH = YES;
				COPY_PHASE_STRIP = NO;
				DEBUG_INFORMATION_FORMAT = dwarf;
				ENABLE_STRICT_OBJC_MSGSEND = YES;
				ENABLE_TESTABILITY = YES;
				GCC_C_LANGUAGE_STANDARD = gnu11;
				GCC_DYNAMIC_NO_PIC = NO;
				GCC_NO_COMMON_BLOCKS = YES;
				GCC_OPTIMIZATION_LEVEL = 0;
				GCC_PREPROCESSOR_DEFINITIONS = (
					"DEBUG=1",
					"$(inherited)",
				);
				GCC_WARN_64_TO_32_BIT_CONVERSION = YES;
				GCC_WARN_ABOUT_RETURN_TYPE = YES_ERROR;
				GCC_WARN_UNDECLARED_SELECTOR = YES;
				GCC_WARN_UNINITIALIZED_AUTOS = YES_AGGRESSIVE;
				GCC_WARN_UNUSED_FUNCTION = YES;
				GCC_WARN_UNUSED_VARIABLE = YES;
				MACOSX_DEPLOYMENT_TARGET = 10.15;
				MTL_ENABLE_DEBUG_INFO = INCLUDE_SOURCE;
				MTL_FAST_MATH = YES;
				ONLY_ACTIVE_ARCH = YES;
				SDKROOT = macosx;
				SWIFT_ACTIVE_COMPILATION_CONDITIONS = DEBUG;
				SWIFT_OPTIMIZATION_LEVEL = "-Onone";
			};
			name = Debug;
		};
		EF52D7BF2363DA4500892586 /* Release */ = {
			isa = XCBuildConfiguration;
			buildSettings = {
				ALWAYS_SEARCH_USER_PATHS = NO;
				CLANG_ANALYZER_NONNULL = YES;
				CLANG_ANALYZER_NUMBER_OBJECT_CONVERSION = YES_AGGRESSIVE;
				CLANG_CXX_LANGUAGE_STANDARD = "gnu++14";
				CLANG_CXX_LIBRARY = "libc++";
				CLANG_ENABLE_MODULES = YES;
				CLANG_ENABLE_OBJC_ARC = YES;
				CLANG_ENABLE_OBJC_WEAK = YES;
				CLANG_WARN_BLOCK_CAPTURE_AUTORELEASING = YES;
				CLANG_WARN_BOOL_CONVERSION = YES;
				CLANG_WARN_COMMA = YES;
				CLANG_WARN_CONSTANT_CONVERSION = YES;
				CLANG_WARN_DEPRECATED_OBJC_IMPLEMENTATIONS = YES;
				CLANG_WARN_DIRECT_OBJC_ISA_USAGE = YES_ERROR;
				CLANG_WARN_DOCUMENTATION_COMMENTS = YES;
				CLANG_WARN_EMPTY_BODY = YES;
				CLANG_WARN_ENUM_CONVERSION = YES;
				CLANG_WARN_INFINITE_RECURSION = YES;
				CLANG_WARN_INT_CONVERSION = YES;
				CLANG_WARN_NON_LITERAL_NULL_CONVERSION = YES;
				CLANG_WARN_OBJC_IMPLICIT_RETAIN_SELF = YES;
				CLANG_WARN_OBJC_LITERAL_CONVERSION = YES;
				CLANG_WARN_OBJC_ROOT_CLASS = YES_ERROR;
				CLANG_WARN_RANGE_LOOP_ANALYSIS = YES;
				CLANG_WARN_STRICT_PROTOTYPES = YES;
				CLANG_WARN_SUSPICIOUS_MOVE = YES;
				CLANG_WARN_UNGUARDED_AVAILABILITY = YES_AGGRESSIVE;
				CLANG_WARN_UNREACHABLE_CODE = YES;
				CLANG_WARN__DUPLICATE_METHOD_MATCH = YES;
				COPY_PHASE_STRIP = NO;
				DEBUG_INFORMATION_FORMAT = "dwarf-with-dsym";
				ENABLE_NS_ASSERTIONS = NO;
				ENABLE_STRICT_OBJC_MSGSEND = YES;
				GCC_C_LANGUAGE_STANDARD = gnu11;
				GCC_NO_COMMON_BLOCKS = YES;
				GCC_WARN_64_TO_32_BIT_CONVERSION = YES;
				GCC_WARN_ABOUT_RETURN_TYPE = YES_ERROR;
				GCC_WARN_UNDECLARED_SELECTOR = YES;
				GCC_WARN_UNINITIALIZED_AUTOS = YES_AGGRESSIVE;
				GCC_WARN_UNUSED_FUNCTION = YES;
				GCC_WARN_UNUSED_VARIABLE = YES;
				MACOSX_DEPLOYMENT_TARGET = 10.15;
				MTL_ENABLE_DEBUG_INFO = NO;
				MTL_FAST_MATH = YES;
				SDKROOT = macosx;
				SWIFT_COMPILATION_MODE = wholemodule;
				SWIFT_OPTIMIZATION_LEVEL = "-O";
			};
			name = Release;
		};
		EF52D7C12363DA4500892586 /* Debug */ = {
			isa = XCBuildConfiguration;
			buildSettings = {
				ASSETCATALOG_COMPILER_APPICON_NAME = AppIcon;
				CODE_SIGN_ENTITLEMENTS = QOLAB/QOLAB.entitlements;
				CODE_SIGN_STYLE = Automatic;
				COMBINE_HIDPI_IMAGES = YES;
				DEVELOPMENT_TEAM = U3Q2WH7L9L;
				INFOPLIST_FILE = QOLAB/Info.plist;
				LD_RUNPATH_SEARCH_PATHS = (
					"$(inherited)",
					"@executable_path/../Frameworks",
				);
				MACOSX_DEPLOYMENT_TARGET = 10.14;
				PRODUCT_BUNDLE_IDENTIFIER = jphacks.QOLAB;
				PRODUCT_NAME = "$(TARGET_NAME)";
				SWIFT_VERSION = 5.0;
			};
			name = Debug;
		};
		EF52D7C22363DA4500892586 /* Release */ = {
			isa = XCBuildConfiguration;
			buildSettings = {
				ASSETCATALOG_COMPILER_APPICON_NAME = AppIcon;
				CODE_SIGN_ENTITLEMENTS = QOLAB/QOLAB.entitlements;
				CODE_SIGN_STYLE = Automatic;
				COMBINE_HIDPI_IMAGES = YES;
				DEVELOPMENT_TEAM = U3Q2WH7L9L;
				INFOPLIST_FILE = QOLAB/Info.plist;
				LD_RUNPATH_SEARCH_PATHS = (
					"$(inherited)",
					"@executable_path/../Frameworks",
				);
				MACOSX_DEPLOYMENT_TARGET = 10.14;
				PRODUCT_BUNDLE_IDENTIFIER = jphacks.QOLAB;
				PRODUCT_NAME = "$(TARGET_NAME)";
				SWIFT_VERSION = 5.0;
			};
			name = Release;
		};
/* End XCBuildConfiguration section */

/* Begin XCConfigurationList section */
		EF52D7AB2363DA4200892586 /* Build configuration list for PBXProject "QOLAB" */ = {
			isa = XCConfigurationList;
			buildConfigurations = (
				EF52D7BE2363DA4500892586 /* Debug */,
				EF52D7BF2363DA4500892586 /* Release */,
			);
			defaultConfigurationIsVisible = 0;
			defaultConfigurationName = Release;
		};
		EF52D7C02363DA4500892586 /* Build configuration list for PBXNativeTarget "QOLAB" */ = {
			isa = XCConfigurationList;
			buildConfigurations = (
				EF52D7C12363DA4500892586 /* Debug */,
				EF52D7C22363DA4500892586 /* Release */,
			);
			defaultConfigurationIsVisible = 0;
			defaultConfigurationName = Release;
		};
/* End XCConfigurationList section */
	};
	rootObject = EF52D7A82363DA4200892586 /* Project object */;
}
